// !$*UTF8*$!
{
	archiveVersion = 1;
	classes = {
	};
	objectVersion = 56;
	objects = {

/* Begin PBXBuildFile section */
		980099E72C535933006BD62F /* LiveDetection.swift in Sources */ = {isa = PBXBuildFile; fileRef = 980099E62C53592E006BD62F /* LiveDetection.swift */; };
		980099EC2C535B62006BD62F /* CameraManager.swift in Sources */ = {isa = PBXBuildFile; fileRef = 980099EB2C535B62006BD62F /* CameraManager.swift */; };
		980099F02C54A476006BD62F /* .gitignore in Resources */ = {isa = PBXBuildFile; fileRef = 980099EF2C54A470006BD62F /* .gitignore */; };
		980099F22C54A481006BD62F /* README.md in Resources */ = {isa = PBXBuildFile; fileRef = 980099F12C54A47C006BD62F /* README.md */; };
		980099F42C54A4B5006BD62F /* ContentView.swift in Sources */ = {isa = PBXBuildFile; fileRef = 980099F32C54A4B3006BD62F /* ContentView.swift */; };
		980099F62C54B28C006BD62F /* DetectionModel.swift in Sources */ = {isa = PBXBuildFile; fileRef = 980099F52C54B286006BD62F /* DetectionModel.swift */; };
		98009A022C54EBF6006BD62F /* ObjectTracking.swift in Sources */ = {isa = PBXBuildFile; fileRef = 98009A012C54EBF2006BD62F /* ObjectTracking.swift */; };
		98009A052C55B457006BD62F /* TrackingModel.swift in Sources */ = {isa = PBXBuildFile; fileRef = 98009A042C55B454006BD62F /* TrackingModel.swift */; };
		98009A092C55F12A006BD62F /* CentroidTracker.swift in Sources */ = {isa = PBXBuildFile; fileRef = 98009A082C55F126006BD62F /* CentroidTracker.swift */; };
		9863F0862C532CAD0034EE50 /* VisionKitDemoApp.swift in Sources */ = {isa = PBXBuildFile; fileRef = 9863F0852C532CAD0034EE50 /* VisionKitDemoApp.swift */; };
		9863F0882C532CAD0034EE50 /* StillDetection.swift in Sources */ = {isa = PBXBuildFile; fileRef = 9863F0872C532CAD0034EE50 /* StillDetection.swift */; };
		9863F08A2C532CAF0034EE50 /* Assets.xcassets in Resources */ = {isa = PBXBuildFile; fileRef = 9863F0892C532CAF0034EE50 /* Assets.xcassets */; };
		9863F08D2C532CAF0034EE50 /* Preview Assets.xcassets in Resources */ = {isa = PBXBuildFile; fileRef = 9863F08C2C532CAF0034EE50 /* Preview Assets.xcassets */; };
		9863F0942C532E680034EE50 /* VisionManager.swift in Sources */ = {isa = PBXBuildFile; fileRef = 9863F0932C532E680034EE50 /* VisionManager.swift */; };
/* End PBXBuildFile section */

/* Begin PBXFileReference section */
		980099E62C53592E006BD62F /* LiveDetection.swift */ = {isa = PBXFileReference; lastKnownFileType = sourcecode.swift; path = LiveDetection.swift; sourceTree = "<group>"; };
		980099EB2C535B62006BD62F /* CameraManager.swift */ = {isa = PBXFileReference; lastKnownFileType = sourcecode.swift; path = CameraManager.swift; sourceTree = "<group>"; };
		980099EF2C54A470006BD62F /* .gitignore */ = {isa = PBXFileReference; lastKnownFileType = text; path = .gitignore; sourceTree = "<group>"; };
		980099F12C54A47C006BD62F /* README.md */ = {isa = PBXFileReference; lastKnownFileType = net.daringfireball.markdown; path = README.md; sourceTree = "<group>"; };
		980099F32C54A4B3006BD62F /* ContentView.swift */ = {isa = PBXFileReference; lastKnownFileType = sourcecode.swift; path = ContentView.swift; sourceTree = "<group>"; };
		980099F52C54B286006BD62F /* DetectionModel.swift */ = {isa = PBXFileReference; lastKnownFileType = sourcecode.swift; path = DetectionModel.swift; sourceTree = "<group>"; };
		980099FC2C54DC1A006BD62F /* liveDetection.gif */ = {isa = PBXFileReference; lastKnownFileType = image.gif; path = liveDetection.gif; sourceTree = "<group>"; };
		980099FD2C54DC49006BD62F /* stillDetectionText.gif */ = {isa = PBXFileReference; lastKnownFileType = image.gif; path = stillDetectionText.gif; sourceTree = "<group>"; };
		98009A012C54EBF2006BD62F /* ObjectTracking.swift */ = {isa = PBXFileReference; lastKnownFileType = sourcecode.swift; path = ObjectTracking.swift; sourceTree = "<group>"; };
		98009A042C55B454006BD62F /* TrackingModel.swift */ = {isa = PBXFileReference; lastKnownFileType = sourcecode.swift; path = TrackingModel.swift; sourceTree = "<group>"; };
		98009A082C55F126006BD62F /* CentroidTracker.swift */ = {isa = PBXFileReference; lastKnownFileType = sourcecode.swift; path = CentroidTracker.swift; sourceTree = "<group>"; };
		9863F0822C532CAD0034EE50 /* VisionDemo.app */ = {isa = PBXFileReference; explicitFileType = wrapper.application; includeInIndex = 0; path = VisionDemo.app; sourceTree = BUILT_PRODUCTS_DIR; };
		9863F0852C532CAD0034EE50 /* VisionKitDemoApp.swift */ = {isa = PBXFileReference; lastKnownFileType = sourcecode.swift; path = VisionKitDemoApp.swift; sourceTree = "<group>"; };
		9863F0872C532CAD0034EE50 /* StillDetection.swift */ = {isa = PBXFileReference; lastKnownFileType = sourcecode.swift; path = StillDetection.swift; sourceTree = "<group>"; };
		9863F0892C532CAF0034EE50 /* Assets.xcassets */ = {isa = PBXFileReference; lastKnownFileType = folder.assetcatalog; path = Assets.xcassets; sourceTree = "<group>"; };
		9863F08C2C532CAF0034EE50 /* Preview Assets.xcassets */ = {isa = PBXFileReference; lastKnownFileType = folder.assetcatalog; path = "Preview Assets.xcassets"; sourceTree = "<group>"; };
		9863F0932C532E680034EE50 /* VisionManager.swift */ = {isa = PBXFileReference; lastKnownFileType = sourcecode.swift; path = VisionManager.swift; sourceTree = "<group>"; };
		988EA4112C57471500EC341E /* stillDetectionBarcode.png */ = {isa = PBXFileReference; lastKnownFileType = image.png; path = stillDetectionBarcode.png; sourceTree = "<group>"; };
		988EA4122C57473800EC341E /* objectTracking.gif */ = {isa = PBXFileReference; lastKnownFileType = image.gif; path = objectTracking.gif; sourceTree = "<group>"; };
/* End PBXFileReference section */

/* Begin PBXFrameworksBuildPhase section */
		9863F07F2C532CAD0034EE50 /* Frameworks */ = {
			isa = PBXFrameworksBuildPhase;
			buildActionMask = 2147483647;
			files = (
			);
			runOnlyForDeploymentPostprocessing = 0;
		};
/* End PBXFrameworksBuildPhase section */

/* Begin PBXGroup section */
		980099EA2C535B55006BD62F /* Manager */ = {
			isa = PBXGroup;
			children = (
				98009A082C55F126006BD62F /* CentroidTracker.swift */,
				9863F0932C532E680034EE50 /* VisionManager.swift */,
				980099EB2C535B62006BD62F /* CameraManager.swift */,
			);
			path = Manager;
			sourceTree = "<group>";
		};
		980099F72C54CA5B006BD62F /* Model */ = {
			isa = PBXGroup;
			children = (
				98009A042C55B454006BD62F /* TrackingModel.swift */,
				980099F52C54B286006BD62F /* DetectionModel.swift */,
			);
			path = Model;
			sourceTree = "<group>";
		};
		980099FA2C54CA71006BD62F /* View */ = {
			isa = PBXGroup;
			children = (
				98009A012C54EBF2006BD62F /* ObjectTracking.swift */,
				980099E62C53592E006BD62F /* LiveDetection.swift */,
				9863F0872C532CAD0034EE50 /* StillDetection.swift */,
				980099F32C54A4B3006BD62F /* ContentView.swift */,
			);
			path = View;
			sourceTree = "<group>";
		};
		980099FB2C54DC09006BD62F /* ReadmeAssets */ = {
			isa = PBXGroup;
			children = (
				988EA4112C57471500EC341E /* stillDetectionBarcode.png */,
				980099FD2C54DC49006BD62F /* stillDetectionText.gif */,
				980099FC2C54DC1A006BD62F /* liveDetection.gif */,
				988EA4122C57473800EC341E /* objectTracking.gif */,
			);
			path = ReadmeAssets;
			sourceTree = "<group>";
		};
		9863F0792C532CAD0034EE50 = {
			isa = PBXGroup;
			children = (
				980099FB2C54DC09006BD62F /* ReadmeAssets */,
				980099F12C54A47C006BD62F /* README.md */,
				980099EF2C54A470006BD62F /* .gitignore */,
				9863F0842C532CAD0034EE50 /* VisionDemo */,
				9863F0832C532CAD0034EE50 /* Products */,
			);
			sourceTree = "<group>";
		};
		9863F0832C532CAD0034EE50 /* Products */ = {
			isa = PBXGroup;
			children = (
				9863F0822C532CAD0034EE50 /* VisionDemo.app */,
			);
			name = Products;
			sourceTree = "<group>";
		};
		9863F0842C532CAD0034EE50 /* VisionDemo */ = {
			isa = PBXGroup;
			children = (
				980099FA2C54CA71006BD62F /* View */,
				980099F72C54CA5B006BD62F /* Model */,
				980099EA2C535B55006BD62F /* Manager */,
				9863F0852C532CAD0034EE50 /* VisionKitDemoApp.swift */,
				9863F0892C532CAF0034EE50 /* Assets.xcassets */,
				9863F08B2C532CAF0034EE50 /* Preview Content */,
			);
			path = VisionDemo;
			sourceTree = "<group>";
		};
		9863F08B2C532CAF0034EE50 /* Preview Content */ = {
			isa = PBXGroup;
			children = (
				9863F08C2C532CAF0034EE50 /* Preview Assets.xcassets */,
			);
			path = "Preview Content";
			sourceTree = "<group>";
		};
/* End PBXGroup section */

/* Begin PBXNativeTarget section */
		9863F0812C532CAD0034EE50 /* VisionDemo */ = {
			isa = PBXNativeTarget;
			buildConfigurationList = 9863F0902C532CAF0034EE50 /* Build configuration list for PBXNativeTarget "VisionDemo" */;
			buildPhases = (
				9863F07E2C532CAD0034EE50 /* Sources */,
				9863F07F2C532CAD0034EE50 /* Frameworks */,
				9863F0802C532CAD0034EE50 /* Resources */,
			);
			buildRules = (
			);
			dependencies = (
			);
			name = VisionDemo;
			productName = VisionKitDemo;
			productReference = 9863F0822C532CAD0034EE50 /* VisionDemo.app */;
			productType = "com.apple.product-type.application";
		};
/* End PBXNativeTarget section */

/* Begin PBXProject section */
		9863F07A2C532CAD0034EE50 /* Project object */ = {
			isa = PBXProject;
			attributes = {
				BuildIndependentTargetsInParallel = 1;
				LastSwiftUpdateCheck = 1540;
				LastUpgradeCheck = 1540;
				TargetAttributes = {
					9863F0812C532CAD0034EE50 = {
						CreatedOnToolsVersion = 15.4;
					};
				};
			};
			buildConfigurationList = 9863F07D2C532CAD0034EE50 /* Build configuration list for PBXProject "VisionDemo" */;
			compatibilityVersion = "Xcode 14.0";
			developmentRegion = en;
			hasScannedForEncodings = 0;
			knownRegions = (
				en,
				Base,
			);
			mainGroup = 9863F0792C532CAD0034EE50;
			productRefGroup = 9863F0832C532CAD0034EE50 /* Products */;
			projectDirPath = "";
			projectRoot = "";
			targets = (
				9863F0812C532CAD0034EE50 /* VisionDemo */,
			);
		};
/* End PBXProject section */

/* Begin PBXResourcesBuildPhase section */
		9863F0802C532CAD0034EE50 /* Resources */ = {
			isa = PBXResourcesBuildPhase;
			buildActionMask = 2147483647;
			files = (
				9863F08D2C532CAF0034EE50 /* Preview Assets.xcassets in Resources */,
				980099F02C54A476006BD62F /* .gitignore in Resources */,
				980099F22C54A481006BD62F /* README.md in Resources */,
				9863F08A2C532CAF0034EE50 /* Assets.xcassets in Resources */,
			);
			runOnlyForDeploymentPostprocessing = 0;
		};
/* End PBXResourcesBuildPhase section */

/* Begin PBXSourcesBuildPhase section */
		9863F07E2C532CAD0034EE50 /* Sources */ = {
			isa = PBXSourcesBuildPhase;
			buildActionMask = 2147483647;
			files = (
				9863F0942C532E680034EE50 /* VisionManager.swift in Sources */,
				98009A052C55B457006BD62F /* TrackingModel.swift in Sources */,
				98009A022C54EBF6006BD62F /* ObjectTracking.swift in Sources */,
				980099E72C535933006BD62F /* LiveDetection.swift in Sources */,
				98009A092C55F12A006BD62F /* CentroidTracker.swift in Sources */,
				980099F42C54A4B5006BD62F /* ContentView.swift in Sources */,
				9863F0882C532CAD0034EE50 /* StillDetection.swift in Sources */,
				980099F62C54B28C006BD62F /* DetectionModel.swift in Sources */,
				9863F0862C532CAD0034EE50 /* VisionKitDemoApp.swift in Sources */,
				980099EC2C535B62006BD62F /* CameraManager.swift in Sources */,
			);
			runOnlyForDeploymentPostprocessing = 0;
		};
/* End PBXSourcesBuildPhase section */

/* Begin XCBuildConfiguration section */
		9863F08E2C532CAF0034EE50 /* Debug */ = {
			isa = XCBuildConfiguration;
			buildSettings = {
				ALWAYS_SEARCH_USER_PATHS = NO;
				ASSETCATALOG_COMPILER_GENERATE_SWIFT_ASSET_SYMBOL_EXTENSIONS = YES;
				CLANG_ANALYZER_NONNULL = YES;
				CLANG_ANALYZER_NUMBER_OBJECT_CONVERSION = YES_AGGRESSIVE;
				CLANG_CXX_LANGUAGE_STANDARD = "gnu++20";
				CLANG_ENABLE_MODULES = YES;
				CLANG_ENABLE_OBJC_ARC = YES;
				CLANG_ENABLE_OBJC_WEAK = YES;
				CLANG_WARN_BLOCK_CAPTURE_AUTORELEASING = YES;
				CLANG_WARN_BOOL_CONVERSION = YES;
				CLANG_WARN_COMMA = YES;
				CLANG_WARN_CONSTANT_CONVERSION = YES;
				CLANG_WARN_DEPRECATED_OBJC_IMPLEMENTATIONS = YES;
				CLANG_WARN_DIRECT_OBJC_ISA_USAGE = YES_ERROR;
				CLANG_WARN_DOCUMENTATION_COMMENTS = YES;
				CLANG_WARN_EMPTY_BODY = YES;
				CLANG_WARN_ENUM_CONVERSION = YES;
				CLANG_WARN_INFINITE_RECURSION = YES;
				CLANG_WARN_INT_CONVERSION = YES;
				CLANG_WARN_NON_LITERAL_NULL_CONVERSION = YES;
				CLANG_WARN_OBJC_IMPLICIT_RETAIN_SELF = YES;
				CLANG_WARN_OBJC_LITERAL_CONVERSION = YES;
				CLANG_WARN_OBJC_ROOT_CLASS = YES_ERROR;
				CLANG_WARN_QUOTED_INCLUDE_IN_FRAMEWORK_HEADER = YES;
				CLANG_WARN_RANGE_LOOP_ANALYSIS = YES;
				CLANG_WARN_STRICT_PROTOTYPES = YES;
				CLANG_WARN_SUSPICIOUS_MOVE = YES;
				CLANG_WARN_UNGUARDED_AVAILABILITY = YES_AGGRESSIVE;
				CLANG_WARN_UNREACHABLE_CODE = YES;
				CLANG_WARN__DUPLICATE_METHOD_MATCH = YES;
				COPY_PHASE_STRIP = NO;
				DEBUG_INFORMATION_FORMAT = dwarf;
				ENABLE_STRICT_OBJC_MSGSEND = YES;
				ENABLE_TESTABILITY = YES;
				ENABLE_USER_SCRIPT_SANDBOXING = YES;
				GCC_C_LANGUAGE_STANDARD = gnu17;
				GCC_DYNAMIC_NO_PIC = NO;
				GCC_NO_COMMON_BLOCKS = YES;
				GCC_OPTIMIZATION_LEVEL = 0;
				GCC_PREPROCESSOR_DEFINITIONS = (
					"DEBUG=1",
					"$(inherited)",
				);
				GCC_WARN_64_TO_32_BIT_CONVERSION = YES;
				GCC_WARN_ABOUT_RETURN_TYPE = YES_ERROR;
				GCC_WARN_UNDECLARED_SELECTOR = YES;
				GCC_WARN_UNINITIALIZED_AUTOS = YES_AGGRESSIVE;
				GCC_WARN_UNUSED_FUNCTION = YES;
				GCC_WARN_UNUSED_VARIABLE = YES;
				IPHONEOS_DEPLOYMENT_TARGET = 17.5;
				LOCALIZATION_PREFERS_STRING_CATALOGS = YES;
				MTL_ENABLE_DEBUG_INFO = INCLUDE_SOURCE;
				MTL_FAST_MATH = YES;
				ONLY_ACTIVE_ARCH = YES;
				SDKROOT = iphoneos;
				SWIFT_ACTIVE_COMPILATION_CONDITIONS = "DEBUG $(inherited)";
				SWIFT_OPTIMIZATION_LEVEL = "-Onone";
			};
			name = Debug;
		};
		9863F08F2C532CAF0034EE50 /* Release */ = {
			isa = XCBuildConfiguration;
			buildSettings = {
				ALWAYS_SEARCH_USER_PATHS = NO;
				ASSETCATALOG_COMPILER_GENERATE_SWIFT_ASSET_SYMBOL_EXTENSIONS = YES;
				CLANG_ANALYZER_NONNULL = YES;
				CLANG_ANALYZER_NUMBER_OBJECT_CONVERSION = YES_AGGRESSIVE;
				CLANG_CXX_LANGUAGE_STANDARD = "gnu++20";
				CLANG_ENABLE_MODULES = YES;
				CLANG_ENABLE_OBJC_ARC = YES;
				CLANG_ENABLE_OBJC_WEAK = YES;
				CLANG_WARN_BLOCK_CAPTURE_AUTORELEASING = YES;
				CLANG_WARN_BOOL_CONVERSION = YES;
				CLANG_WARN_COMMA = YES;
				CLANG_WARN_CONSTANT_CONVERSION = YES;
				CLANG_WARN_DEPRECATED_OBJC_IMPLEMENTATIONS = YES;
				CLANG_WARN_DIRECT_OBJC_ISA_USAGE = YES_ERROR;
				CLANG_WARN_DOCUMENTATION_COMMENTS = YES;
				CLANG_WARN_EMPTY_BODY = YES;
				CLANG_WARN_ENUM_CONVERSION = YES;
				CLANG_WARN_INFINITE_RECURSION = YES;
				CLANG_WARN_INT_CONVERSION = YES;
				CLANG_WARN_NON_LITERAL_NULL_CONVERSION = YES;
				CLANG_WARN_OBJC_IMPLICIT_RETAIN_SELF = YES;
				CLANG_WARN_OBJC_LITERAL_CONVERSION = YES;
				CLANG_WARN_OBJC_ROOT_CLASS = YES_ERROR;
				CLANG_WARN_QUOTED_INCLUDE_IN_FRAMEWORK_HEADER = YES;
				CLANG_WARN_RANGE_LOOP_ANALYSIS = YES;
				CLANG_WARN_STRICT_PROTOTYPES = YES;
				CLANG_WARN_SUSPICIOUS_MOVE = YES;
				CLANG_WARN_UNGUARDED_AVAILABILITY = YES_AGGRESSIVE;
				CLANG_WARN_UNREACHABLE_CODE = YES;
				CLANG_WARN__DUPLICATE_METHOD_MATCH = YES;
				COPY_PHASE_STRIP = NO;
				DEBUG_INFORMATION_FORMAT = "dwarf-with-dsym";
				ENABLE_NS_ASSERTIONS = NO;
				ENABLE_STRICT_OBJC_MSGSEND = YES;
				ENABLE_USER_SCRIPT_SANDBOXING = YES;
				GCC_C_LANGUAGE_STANDARD = gnu17;
				GCC_NO_COMMON_BLOCKS = YES;
				GCC_WARN_64_TO_32_BIT_CONVERSION = YES;
				GCC_WARN_ABOUT_RETURN_TYPE = YES_ERROR;
				GCC_WARN_UNDECLARED_SELECTOR = YES;
				GCC_WARN_UNINITIALIZED_AUTOS = YES_AGGRESSIVE;
				GCC_WARN_UNUSED_FUNCTION = YES;
				GCC_WARN_UNUSED_VARIABLE = YES;
				IPHONEOS_DEPLOYMENT_TARGET = 17.5;
				LOCALIZATION_PREFERS_STRING_CATALOGS = YES;
				MTL_ENABLE_DEBUG_INFO = NO;
				MTL_FAST_MATH = YES;
				SDKROOT = iphoneos;
				SWIFT_COMPILATION_MODE = wholemodule;
				VALIDATE_PRODUCT = YES;
			};
			name = Release;
		};
		9863F0912C532CAF0034EE50 /* Debug */ = {
			isa = XCBuildConfiguration;
			buildSettings = {
				ASSETCATALOG_COMPILER_APPICON_NAME = AppIcon;
				ASSETCATALOG_COMPILER_GLOBAL_ACCENT_COLOR_NAME = AccentColor;
				CODE_SIGN_STYLE = Automatic;
				CURRENT_PROJECT_VERSION = 1;
				DEVELOPMENT_ASSET_PATHS = "\"VisionDemo/Preview Content\"";
				DEVELOPMENT_TEAM = NLTYK5T6U3;
				ENABLE_PREVIEWS = YES;
				GENERATE_INFOPLIST_FILE = YES;
				INFOPLIST_FILE = "";
				INFOPLIST_KEY_NSCameraUsageDescription = "Camera Needed!";
				INFOPLIST_KEY_UIApplicationSceneManifest_Generation = YES;
				INFOPLIST_KEY_UIApplicationSupportsIndirectInputEvents = YES;
				INFOPLIST_KEY_UILaunchScreen_Generation = YES;
				INFOPLIST_KEY_UIRequiredDeviceCapabilities = armv7;
				INFOPLIST_KEY_UISupportedInterfaceOrientations_iPad = "UIInterfaceOrientationPortrait UIInterfaceOrientationPortraitUpsideDown UIInterfaceOrientationLandscapeLeft UIInterfaceOrientationLandscapeRight";
				INFOPLIST_KEY_UISupportedInterfaceOrientations_iPhone = "UIInterfaceOrientationPortrait UIInterfaceOrientationLandscapeLeft UIInterfaceOrientationLandscapeRight";
				IPHONEOS_DEPLOYMENT_TARGET = 18.0;
				LD_RUNPATH_SEARCH_PATHS = (
					"$(inherited)",
					"@executable_path/Frameworks",
				);
				MARKETING_VERSION = 1.0;
				PRODUCT_BUNDLE_IDENTIFIER = itsuki.enjoy.VisionDemo;
				PRODUCT_NAME = "$(TARGET_NAME)";
				SWIFT_EMIT_LOC_STRINGS = YES;
				SWIFT_VERSION = 5.0;
				TARGETED_DEVICE_FAMILY = "1,2";
			};
			name = Debug;
		};
		9863F0922C532CAF0034EE50 /* Release */ = {
			isa = XCBuildConfiguration;
			buildSettings = {
				ASSETCATALOG_COMPILER_APPICON_NAME = AppIcon;
				ASSETCATALOG_COMPILER_GLOBAL_ACCENT_COLOR_NAME = AccentColor;
				CODE_SIGN_STYLE = Automatic;
				CURRENT_PROJECT_VERSION = 1;
				DEVELOPMENT_ASSET_PATHS = "\"VisionDemo/Preview Content\"";
				DEVELOPMENT_TEAM = NLTYK5T6U3;
				ENABLE_PREVIEWS = YES;
				GENERATE_INFOPLIST_FILE = YES;
				INFOPLIST_FILE = "";
				INFOPLIST_KEY_NSCameraUsageDescription = "Camera Needed!";
				INFOPLIST_KEY_UIApplicationSceneManifest_Generation = YES;
				INFOPLIST_KEY_UIApplicationSupportsIndirectInputEvents = YES;
				INFOPLIST_KEY_UILaunchScreen_Generation = YES;
				INFOPLIST_KEY_UIRequiredDeviceCapabilities = armv7;
				INFOPLIST_KEY_UISupportedInterfaceOrientations_iPad = "UIInterfaceOrientationPortrait UIInterfaceOrientationPortraitUpsideDown UIInterfaceOrientationLandscapeLeft UIInterfaceOrientationLandscapeRight";
				INFOPLIST_KEY_UISupportedInterfaceOrientations_iPhone = "UIInterfaceOrientationPortrait UIInterfaceOrientationLandscapeLeft UIInterfaceOrientationLandscapeRight";
				IPHONEOS_DEPLOYMENT_TARGET = 18.0;
				LD_RUNPATH_SEARCH_PATHS = (
					"$(inherited)",
					"@executable_path/Frameworks",
				);
				MARKETING_VERSION = 1.0;
				PRODUCT_BUNDLE_IDENTIFIER = itsuki.enjoy.VisionDemo;
				PRODUCT_NAME = "$(TARGET_NAME)";
				SWIFT_EMIT_LOC_STRINGS = YES;
				SWIFT_VERSION = 5.0;
				TARGETED_DEVICE_FAMILY = "1,2";
			};
			name = Release;
		};
/* End XCBuildConfiguration section */

/* Begin XCConfigurationList section */
		9863F07D2C532CAD0034EE50 /* Build configuration list for PBXProject "VisionDemo" */ = {
			isa = XCConfigurationList;
			buildConfigurations = (
				9863F08E2C532CAF0034EE50 /* Debug */,
				9863F08F2C532CAF0034EE50 /* Release */,
			);
			defaultConfigurationIsVisible = 0;
			defaultConfigurationName = Release;
		};
		9863F0902C532CAF0034EE50 /* Build configuration list for PBXNativeTarget "VisionDemo" */ = {
			isa = XCConfigurationList;
			buildConfigurations = (
				9863F0912C532CAF0034EE50 /* Debug */,
				9863F0922C532CAF0034EE50 /* Release */,
			);
			defaultConfigurationIsVisible = 0;
			defaultConfigurationName = Release;
		};
/* End XCConfigurationList section */
	};
	rootObject = 9863F07A2C532CAD0034EE50 /* Project object */;
}
